
Microsoft Visual Studio Solution File, Format Version 12.00
# Visual Studio Version 17
VisualStudioVersion = 17.0.31903.59
MinimumVisualStudioVersion = 10.0.40219.1
Project("{2150E333-8FDC-42A3-9474-1A3956D46DE8}") = "Scripts", "Scripts", "{9DD4A5D8-E782-4E19-AAB7-91D9B0B7F088}"
	ProjectSection(SolutionItems) = preProject
		generate-kiota-client.ps1 = generate-kiota-client.ps1
	EndProjectSection
EndProject
Project("{2150E333-8FDC-42A3-9474-1A3956D46DE8}") = "Docs", "Docs", "{4A549FCD-AF04-4E46-B97C-D85FA69BCC00}"
	ProjectSection(SolutionItems) = preProject
		README.md = README.md
	EndProjectSection
EndProject
Project("{FAE04EC0-301F-11D3-BF4B-00C04F79EFBC}") = "ConferenceServerControllers", "ConferenceServerControllers\ConferenceServerControllers.csproj", "{2231DAF5-5E3C-498D-BBF9-49DA456189D9}"
EndProject
Global
	GlobalSection(SolutionConfigurationPlatforms) = preSolution
		Debug|Any CPU = Debug|Any CPU
		Release|Any CPU = Release|Any CPU
	EndGlobalSection
	GlobalSection(ProjectConfigurationPlatforms) = postSolution
		{2231DAF5-5E3C-498D-BBF9-49DA456189D9}.Debug|Any CPU.ActiveCfg = Debug|Any CPU
		{2231DAF5-5E3C-498D-BBF9-49DA456189D9}.Debug|Any CPU.Build.0 = Debug|Any CPU
		{2231DAF5-5E3C-498D-BBF9-49DA456189D9}.Release|Any CPU.ActiveCfg = Release|Any CPU
		{2231DAF5-5E3C-498D-BBF9-49DA456189D9}.Release|Any CPU.Build.0 = Release|Any CPU
	EndGlobalSection
	GlobalSection(SolutionProperties) = preSolution
		HideSolutionNode = FALSE
	EndGlobalSection
	GlobalSection(ExtensibilityGlobals) = postSolution
		SolutionGuid = {0673DA8E-F003-4C0B-B3A6-ABEA076AD056}
	EndGlobalSection
EndGlobal
